
Microsoft Visual Studio Solution File, Format Version 12.00
# Visual Studio 14
VisualStudioVersion = 14.0.24720.0
MinimumVisualStudioVersion = 10.0.40219.1
Project("{FAE04EC0-301F-11D3-BF4B-00C04F79EFBC}") = "memberSite", "memberSite\memberSite.csproj", "{2816AF51-E1FD-40F5-BEF9-0A5B28B920FA}"
EndProject
Project("{FAE04EC0-301F-11D3-BF4B-00C04F79EFBC}") = "memberSite.Tests", "memberSite.Tests\memberSite.Tests.csproj", "{53567DB6-3A75-442C-8281-83CA9DBB9F49}"
EndProject
Global
	GlobalSection(SolutionConfigurationPlatforms) = preSolution
		Debug|Any CPU = Debug|Any CPU
		Release|Any CPU = Release|Any CPU
	EndGlobalSection
	GlobalSection(ProjectConfigurationPlatforms) = postSolution
		{2816AF51-E1FD-40F5-BEF9-0A5B28B920FA}.Debug|Any CPU.ActiveCfg = Debug|Any CPU
		{2816AF51-E1FD-40F5-BEF9-0A5B28B920FA}.Debug|Any CPU.Build.0 = Debug|Any CPU
		{2816AF51-E1FD-40F5-BEF9-0A5B28B920FA}.Release|Any CPU.ActiveCfg = Release|Any CPU
		{2816AF51-E1FD-40F5-BEF9-0A5B28B920FA}.Release|Any CPU.Build.0 = Release|Any CPU
		{53567DB6-3A75-442C-8281-83CA9DBB9F49}.Debug|Any CPU.ActiveCfg = Debug|Any CPU
		{53567DB6-3A75-442C-8281-83CA9DBB9F49}.Debug|Any CPU.Build.0 = Debug|Any CPU
		{53567DB6-3A75-442C-8281-83CA9DBB9F49}.Release|Any CPU.ActiveCfg = Release|Any CPU
		{53567DB6-3A75-442C-8281-83CA9DBB9F49}.Release|Any CPU.Build.0 = Release|Any CPU
	EndGlobalSection
	GlobalSection(SolutionProperties) = preSolution
		HideSolutionNode = FALSE
	EndGlobalSection
EndGlobal
